github.com/aws/aws-sdk-go-v2 v1.22.0 h1:CpTS3XO3MWNel8ohoazkLZC6scvkYL2k+m0yzFJ17Hg=
github.com/aws/aws-sdk-go-v2 v1.22.0/go.mod h1:Kd0OJtkW3Q0M0lUWGszapWjEvrXDzRW+D21JNsroB+c=
github.com/aws/aws-sdk-go-v2/config v1.20.0 h1:q2+/mqFhY0J9m3Tb5RGFE3R4sdaUkIe4k2EuDfE3c08=
github.com/aws/aws-sdk-go-v2/config v1.20.0/go.mod h1:7+1riCZXyT+sAGvneR5j+Zl1GyfbBUNQurpQTE6FP6k=
github.com/aws/aws-sdk-go-v2/credentials v1.14.0 h1:LQquqPE7cL55RQmA/UBoBKehDlEtMnQKm3B0Q672ePE=
github.com/aws/aws-sdk-go-v2/credentials v1.14.0/go.mod h1:q/3oaTPlamrQWHPwJe56Mjq9g1TYDgddvgTgWJtHTmE=
github.com/aws/aws-sdk-go-v2/feature/ec2/imds v1.14.0 h1:lF/cVllNAPKgjDwN2RsQUX9g/f6hXer9f10ubLFSoug=
github.com/aws/aws-sdk-go-v2/feature/ec2/imds v1.14.0/go.mod h1:c28nJNzMVVb9TQpZ5q4tzZvwEJwf/7So7Ie2s90l1Fw=
github.com/aws/aws-sdk-go-v2/internal/configsources v1.2.0 h1:tN6dNNE4SzMuyMnVtQJXGVKX177/d5Zy4MuA1HA4KUc=
github.com/aws/aws-sdk-go-v2/internal/configsources v1.2.0/go.mod h1:F6MXWETIeetAHwFHyoHEqrcB3NpijFv9nLP5h9CXtT0=
github.com/aws/aws-sdk-go-v2/internal/endpoints/v2 v2.5.0 h1:bfdsbTARDjaC/dSYGMO+E0psxFU4hTvCLnqYAfZ3D38=
github.com/aws/aws-sdk-go-v2/internal/endpoints/v2 v2.5.0/go.mod h1:Jg8XVv5M2V2wiAMvBFx+O59jg6Yr8vhP0bgNF/IuquM=
github.com/aws/aws-sdk-go-v2/internal/ini v1.4.0 h1:21tlTXq3ev10yLMAjXZzpkZbrl49h3ElSjmxD57tD/E=
github.com/aws/aws-sdk-go-v2/internal/ini v1.4.0/go.mod h1:d9YrBHJhyzDCv5UsEVRizHlFV6Q0sLemFq6uxuqWfUw=
github.com/aws/aws-sdk-go-v2/service/internal/presigned-url v1.10.0 h1:dJnwy5Awv+uvfk73aRENVbv1cSQQ60ydCkPaun097KM=
github.com/aws/aws-sdk-go-v2/service/internal/presigned-url v1.10.0/go.mod h1:RsPWWy7u/hwmFX57sQ7MLvrvJeYyNkiMm5BaavpoU18=
github.com/aws/aws-sdk-go-v2/service/sso v1.16.0 h1:ZIlR6Wr/EgYwBdEz1NWBqdUsTh0mV7A68pId3YZl6H0=
github.com/aws/aws-sdk-go-v2/service/sso v1.16.0/go.mod h1:O7B5cpuhhJKefAKkM7onb0McmpHyKnsH4RrHJhOyq7M=
github.com/aws/aws-sdk-go-v2/service/ssooidc v1.18.0 h1:3BZyJei4k1SHdSAFhg9Qg15NnG3v5zosZyFWPm7df/A=
github.com/aws/aws-sdk-go-v2/service/ssooidc v1.18.0/go.mod h1:Td8EvzggonY02wLaqSpwybI3GbmA0PWoprKGil2uwJg=
github.com/aws/aws-sdk-go-v2/service/sts v1.24.0 h1:f/V5Y9OaHuNRrA9MntNQNAtMFXqhKj8HTEPnH81eXMI=
github.com/aws/aws-sdk-go-v2/service/sts v1.24.0/go.mod h1:HnCUMNz2XqwnEEk5X6oeDYB2HgOLFpJ/LyfilN8WErs=
github.com/aws/smithy-go v1.16.0 h1:gJZEH/Fqh+RsvlJ1Zt4tVAtV6bKkp3cC+R6FCZMNzik=
github.com/aws/smithy-go v1.16.0/go.mod h1:NukqUGpCZIILqqiV0NIjeFh24kd/FAa4beRb6nbIUPE=
github.com/cpuguy83/go-md2man/v2 v2.0.1/go.mod h1:tgQtvFlXSQOSOSIRvRPT7W67SCa46tRHOmNcaadrF8o=
github.com/davecgh/go-spew v1.1.0/go.mod h1:J7Y8YcW2NihsgmVo/mv3lAwl/skON4iLHjSsI+c5H38=
github.com/davecgh/go-spew v1.1.1 h1:vj9j/u1bqnvCEfJOwUhtlOARqs3+rkHYY13jYWTU97c=
github.com/davecgh/go-spew v1.1.1/go.mod h1:J7Y8YcW2NihsgmVo/mv3lAwl/skON4iLHjSsI+c5H38=
github.com/google/go-cmp v0.5.8 h1:e6P7q2lk1O+qJJb4BtCQXlK8vWEO8V1ZeuEdJNOqZyg=
github.com/inconshreveable/mousetrap v1.0.0 h1:Z8tu5sraLXCXIcARxBp/8cbvlwVa7Z1NHg9XEKhtSvM=
github.com/inconshreveable/mousetrap v1.0.0/go.mod h1:PxqpIevigyE2G7u3NXJIT2ANytuPF1OarO4DADm73n8=
github.com/muesli/mango v0.1.0 h1:DZQK45d2gGbql1arsYA4vfg4d7I9Hfx5rX/GCmzsAvI=
github.com/muesli/mango v0.1.0/go.mod h1:5XFpbC8jY5UUv89YQciiXNlbi+iJgt29VDC5xbzrLL4=
github.com/muesli/mango-cobra v1.1.0 h1:j/mM5omhC2Vw8pim716aMJVElIRln089XZJ2JY7Xjzc=
github.com/muesli/mango-cobra v1.1.0/go.mod h1:lotV+49eKrAV0tTw/ONhLsiyKwM5uW5QP2OkYw4xlNc=
github.com/muesli/mango-pflag v0.1.0 h1:UADqbYgpUyRoBja3g6LUL+3LErjpsOwaC9ywvBWe7Sg=
github.com/muesli/mango-pflag v0.1.0/go.mod h1:YEQomTxaCUp8PrbhFh10UfbhbQrM/xJ4i2PB8VTLLW0=
github.com/muesli/roff v0.1.0 h1:YD0lalCotmYuF5HhZliKWlIx7IEhiXeSfq7hNjFqGF8=
github.com/muesli/roff v0.1.0/go.mod h1:pjAHQM9hdUUwm/krAfrLGgJkXJ+YuhtsfZ42kieB2Ig=
github.com/pmezard/go-difflib v1.0.0 h1:4DBwDE0NGyQoBHbLQYPwSUPoCMWR5BEzIk/f1lZbAQM=
github.com/pmezard/go-difflib v1.0.0/go.mod h1:iKH77koFhYxTK1pcRnkKkqfTogsbg7gZNVY4sRDYZ/4=
github.com/russross/blackfriday/v2 v2.1.0/go.mod h1:+Rmxgy9KzJVeS9/2gXHxylqXiyQDYRxCVz55jmeOWTM=
github.com/spf13/cobra v1.4.0 h1:y+wJpx64xcgO1V+RcnwW0LEHxTKRi2ZDPSBjWnrg88Q=
github.com/spf13/cobra v1.4.0/go.mod h1:Wo4iy3BUC+X2Fybo0PDqwJIv3dNRiZLHQymsfxlB84g=
github.com/spf13/pflag v1.0.5 h1:iy+VFUOCP1a+8yFto/drg2CJ5u0yRoB7fZw3DKv/JXA=
github.com/spf13/pflag v1.0.5/go.mod h1:McXfInJRrz4CZXVZOBLb0bTZqETkiAhM9Iw0y3An2Bg=
github.com/stretchr/objx v0.1.0/go.mod h1:HFkY916IF+rwdDfMAkV7OtwuqBVzrE8GR6GFx+wExME=
github.com/stretchr/testify v1.7.2 h1:4jaiDzPyXQvSd7D0EjG45355tLlV3VOECpq10pLC+8s=
github.com/stretchr/testify v1.7.2/go.mod h1:R6va5+xMeoiuVRoj+gSkQ7d3FALtqAAGI1FQKckRals=
gopkg.in/check.v1 v0.0.0-20161208181325-20d25e280405 h1:yhCVgyC4o1eVCa2tZl7eS0r+SDo693bJlVdllGtEeKM=
gopkg.in/check.v1 v0.0.0-20161208181325-20d25e280405/go.mod h1:Co6ibVJAznAaIkqp8huTwlJQCZ016jof/cbN4VW5Yz0=
gopkg.in/yaml.v2 v2.4.0/go.mod h1:RDklbk79AGWmwhnvt/jBztapEOGDOx6ZbXqjP6csGnQ=
gopkg.in/yaml.v3 v3.0.1 h1:fxVm/GzAzEWqLHuvctI91KS9hhNmmWOoWu0XTYJS7CA=
gopkg.in/yaml.v3 v3.0.1/go.mod h1:K4uyk7z7BCEPqu6E+C64Yfv1cQ7kz7rIZviUmN+EgEM=
